# This file is generated by running "yarn install" inside your project.
# Manual changes might be lost - proceed with caution!

__metadata:
  version: 5
  cacheKey: 8

"@babel/helper-plugin-utils@npm:^7.8.0":
  version: 7.16.7
  resolution: "@babel/helper-plugin-utils@npm:7.16.7"
  checksum: d08dd86554a186c2538547cd537552e4029f704994a9201d41d82015c10ed7f58f9036e8d1527c3760f042409163269d308b0b3706589039c5f1884619c6d4ce
  languageName: node
  linkType: hard

"@babel/plugin-syntax-object-rest-spread@npm:^7.8.3":
  version: 7.8.3
  resolution: "@babel/plugin-syntax-object-rest-spread@npm:7.8.3"
  dependencies:
    "@babel/helper-plugin-utils": ^7.8.0
  peerDependencies:
    "@babel/core": ^7.0.0-0
  checksum: fddcf581a57f77e80eb6b981b10658421bc321ba5f0a5b754118c6a92a5448f12a0c336f77b8abf734841e102e5126d69110a306eadb03ca3e1547cab31f5cbf
  languageName: node
  linkType: hard

"progesnet-styles-example@workspace:.":
  version: 0.0.0-use.local
  resolution: "progesnet-styles-example@workspace:."
  dependencies:
    "@babel/plugin-syntax-object-rest-spread": ^7.8.3
    progesnet-styles: "link:.."
    react: "link:../node_modules/react"
    react-dom: "link:../node_modules/react-dom"
    react-scripts: "link:../node_modules/react-scripts"
  languageName: unknown
  linkType: soft

"progesnet-styles@link:..::locator=progesnet-styles-example%40workspace%3A.":
  version: 0.0.0-use.local
  resolution: "progesnet-styles@link:..::locator=progesnet-styles-example%40workspace%3A."
  languageName: node
  linkType: soft

"react-dom@link:../node_modules/react-dom::locator=progesnet-styles-example%40workspace%3A.":
  version: 0.0.0-use.local
  resolution: "react-dom@link:../node_modules/react-dom::locator=progesnet-styles-example%40workspace%3A."
  languageName: node
  linkType: soft

"react-scripts@link:../node_modules/react-scripts::locator=progesnet-styles-example%40workspace%3A.":
  version: 0.0.0-use.local
  resolution: "react-scripts@link:../node_modules/react-scripts::locator=progesnet-styles-example%40workspace%3A."
  languageName: node
  linkType: soft

"react@link:../node_modules/react::locator=progesnet-styles-example%40workspace%3A.":
  version: 0.0.0-use.local
  resolution: "react@link:../node_modules/react::locator=progesnet-styles-example%40workspace%3A."
  languageName: node
  linkType: soft
